{
  "name": "jounetsu-ae-dev",
  "lockfileVersion": 3,
  "requires": true,
  "packages": {
    "": {
      "name": "jounetsu-ae-dev",
      "devDependencies": {
        "acorn": "^8.12.0"
      }
    },
    "node_modules/acorn": {
      "version": "8.19.0",
      "resolved": "https://registry.npmjs.org/acorn/-/acorn-8.19.0.tgz",
      "integrity": "sha512-oJlA3XiRm7Cyk6qFD2Jn8ak9B7jSy0qy00ADO3+8dpT0LSjFihQYv4C02LFCSYJV3Q37xYwwRy5m+IpIiUzqWw==",
      "dev": true,
      "license": "MIT",
      "bin": {
        "acorn": "bin/acorn"
      },
      "engines": {
        "node": ">=0.4.0"
      }
    }
  }
}
